
Microsoft Visual Studio Solution File, Format Version 12.00
# Visual Studio Version 16
VisualStudioVersion = 16.0.30804.86
MinimumVisualStudioVersion = 10.0.40219.1
Project("{FAE04EC0-301F-11D3-BF4B-00C04F79EFBC}") = "EFCore.WebAPI", "EFCore.WebAPI\EFCore.WebAPI.csproj", "{4331A95D-F8CD-4355-B7E6-E91BADBE6DEE}"
EndProject
Global
	GlobalSection(SolutionConfigurationPlatforms) = preSolution
		Debug|Any CPU = Debug|Any CPU
		Release|Any CPU = Release|Any CPU
	EndGlobalSection
	GlobalSection(ProjectConfigurationPlatforms) = postSolution
		{4331A95D-F8CD-4355-B7E6-E91BADBE6DEE}.Debug|Any CPU.ActiveCfg = Debug|Any CPU
		{4331A95D-F8CD-4355-B7E6-E91BADBE6DEE}.Debug|Any CPU.Build.0 = Debug|Any CPU
		{4331A95D-F8CD-4355-B7E6-E91BADBE6DEE}.Release|Any CPU.ActiveCfg = Release|Any CPU
		{4331A95D-F8CD-4355-B7E6-E91BADBE6DEE}.Release|Any CPU.Build.0 = Release|Any CPU
	EndGlobalSection
	GlobalSection(SolutionProperties) = preSolution
		HideSolutionNode = FALSE
	EndGlobalSection
	GlobalSection(ExtensibilityGlobals) = postSolution
		SolutionGuid = {7BCC5CFE-38BA-4450-88D6-78AC0DE62999}
	EndGlobalSection
EndGlobal
